
Microsoft Visual Studio Solution File, Format Version 12.00
# Visual Studio 14
VisualStudioVersion = 14.0.25420.1
MinimumVisualStudioVersion = 10.0.40219.1
Project("{FAE04EC0-301F-11D3-BF4B-00C04F79EFBC}") = "TimeGear", "TimeGear\TimeGear.csproj", "{354248CE-F708-4583-B060-6EEC4057FBF5}"
EndProject
Project("{FAE04EC0-301F-11D3-BF4B-00C04F79EFBC}") = "TimeGearTests", "TimeGearTests\TimeGearTests.csproj", "{F7ABC039-63B4-4372-848E-E763E9BBCF7B}"
EndProject
Global
	GlobalSection(SolutionConfigurationPlatforms) = preSolution
		Debug|Any CPU = Debug|Any CPU
		Release|Any CPU = Release|Any CPU
	EndGlobalSection
	GlobalSection(ProjectConfigurationPlatforms) = postSolution
		{354248CE-F708-4583-B060-6EEC4057FBF5}.Debug|Any CPU.ActiveCfg = Debug|Any CPU
		{354248CE-F708-4583-B060-6EEC4057FBF5}.Debug|Any CPU.Build.0 = Debug|Any CPU
		{354248CE-F708-4583-B060-6EEC4057FBF5}.Debug|Any CPU.Deploy.0 = Debug|Any CPU
		{354248CE-F708-4583-B060-6EEC4057FBF5}.Release|Any CPU.ActiveCfg = Debug|Any CPU
		{354248CE-F708-4583-B060-6EEC4057FBF5}.Release|Any CPU.Build.0 = Debug|Any CPU
		{354248CE-F708-4583-B060-6EEC4057FBF5}.Release|Any CPU.Deploy.0 = Debug|Any CPU
		{F7ABC039-63B4-4372-848E-E763E9BBCF7B}.Debug|Any CPU.ActiveCfg = Debug|Any CPU
		{F7ABC039-63B4-4372-848E-E763E9BBCF7B}.Debug|Any CPU.Build.0 = Debug|Any CPU
		{F7ABC039-63B4-4372-848E-E763E9BBCF7B}.Release|Any CPU.ActiveCfg = Release|Any CPU
		{F7ABC039-63B4-4372-848E-E763E9BBCF7B}.Release|Any CPU.Build.0 = Release|Any CPU
	EndGlobalSection
	GlobalSection(SolutionProperties) = preSolution
		HideSolutionNode = FALSE
	EndGlobalSection
EndGlobal
